// !$*UTF8*$!
{
	archiveVersion = 1;
	classes = {
	};
	objectVersion = 46;
	objects = {

/* Begin PBXBuildFile section */
		D2E9D6021E4567ED00762C6C /* AppDelegate.swift in Sources */ = {isa = PBXBuildFile; fileRef = D2E9D6011E4567ED00762C6C /* AppDelegate.swift */; };
		D2E9D6041E4567ED00762C6C /* ViewController.swift in Sources */ = {isa = PBXBuildFile; fileRef = D2E9D6031E4567ED00762C6C /* ViewController.swift */; };
		D2E9D6071E4567ED00762C6C /* Main.storyboard in Resources */ = {isa = PBXBuildFile; fileRef = D2E9D6051E4567ED00762C6C /* Main.storyboard */; };
		D2E9D6091E4567ED00762C6C /* Assets.xcassets in Resources */ = {isa = PBXBuildFile; fileRef = D2E9D6081E4567ED00762C6C /* Assets.xcassets */; };
		D2E9D60C1E4567ED00762C6C /* LaunchScreen.storyboard in Resources */ = {isa = PBXBuildFile; fileRef = D2E9D60A1E4567ED00762C6C /* LaunchScreen.storyboard */; };
		D2E9D6171E4567ED00762C6C /* _125_Million_Dollar_AppTests.swift in Sources */ = {isa = PBXBuildFile; fileRef = D2E9D6161E4567ED00762C6C /* _125_Million_Dollar_AppTests.swift */; };
/* End PBXBuildFile section */

/* Begin PBXContainerItemProxy section */
		D2E9D6131E4567ED00762C6C /* PBXContainerItemProxy */ = {
			isa = PBXContainerItemProxy;
			containerPortal = D2E9D5F61E4567ED00762C6C /* Project object */;
			proxyType = 1;
			remoteGlobalIDString = D2E9D5FD1E4567ED00762C6C;
			remoteInfo = "$125 Million Dollar App";
		};
/* End PBXContainerItemProxy section */

/* Begin PBXFileReference section */
		D2E9D5FE1E4567ED00762C6C /* $125 Million Dollar App.app */ = {isa = PBXFileReference; explicitFileType = wrapper.application; includeInIndex = 0; path = "$125 Million Dollar App.app"; sourceTree = BUILT_PRODUCTS_DIR; };
		D2E9D6011E4567ED00762C6C /* AppDelegate.swift */ = {isa = PBXFileReference; lastKnownFileType = sourcecode.swift; path = AppDelegate.swift; sourceTree = "<group>"; };
		D2E9D6031E4567ED00762C6C /* ViewController.swift */ = {isa = PBXFileReference; lastKnownFileType = sourcecode.swift; path = ViewController.swift; sourceTree = "<group>"; };
		D2E9D6061E4567ED00762C6C /* Base */ = {isa = PBXFileReference; lastKnownFileType = file.storyboard; name = Base; path = Base.lproj/Main.storyboard; sourceTree = "<group>"; };
		D2E9D6081E4567ED00762C6C /* Assets.xcassets */ = {isa = PBXFileReference; lastKnownFileType = folder.assetcatalog; path = Assets.xcassets; sourceTree = "<group>"; };
		D2E9D60B1E4567ED00762C6C /* Base */ = {isa = PBXFileReference; lastKnownFileType = file.storyboard; name = Base; path = Base.lproj/LaunchScreen.storyboard; sourceTree = "<group>"; };
		D2E9D60D1E4567ED00762C6C /* Info.plist */ = {isa = PBXFileReference; lastKnownFileType = text.plist.xml; path = Info.plist; sourceTree = "<group>"; };
		D2E9D6121E4567ED00762C6C /* $125 Million Dollar AppTests.xctest */ = {isa = PBXFileReference; explicitFileType = wrapper.cfbundle; includeInIndex = 0; path = "$125 Million Dollar AppTests.xctest"; sourceTree = BUILT_PRODUCTS_DIR; };
		D2E9D6161E4567ED00762C6C /* _125_Million_Dollar_AppTests.swift */ = {isa = PBXFileReference; lastKnownFileType = sourcecode.swift; path = _125_Million_Dollar_AppTests.swift; sourceTree = "<group>"; };
		D2E9D6181E4567ED00762C6C /* Info.plist */ = {isa = PBXFileReference; lastKnownFileType = text.plist.xml; path = Info.plist; sourceTree = "<group>"; };
/* End PBXFileReference section */

/* Begin PBXFrameworksBuildPhase section */
		D2E9D5FB1E4567ED00762C6C /* Frameworks */ = {
			isa = PBXFrameworksBuildPhase;
			buildActionMask = 2147483647;
			files = (
			);
			runOnlyForDeploymentPostprocessing = 0;
		};
		D2E9D60F1E4567ED00762C6C /* Frameworks */ = {
			isa = PBXFrameworksBuildPhase;
			buildActionMask = 2147483647;
			files = (
			);
			runOnlyForDeploymentPostprocessing = 0;
		};
/* End PBXFrameworksBuildPhase section */

/* Begin PBXGroup section */
		D2E9D5F51E4567ED00762C6C = {
			isa = PBXGroup;
			children = (
				D2E9D6001E4567ED00762C6C /* $125 Million Dollar App */,
				D2E9D6151E4567ED00762C6C /* $125 Million Dollar AppTests */,
				D2E9D5FF1E4567ED00762C6C /* Products */,
			);
			sourceTree = "<group>";
		};
		D2E9D5FF1E4567ED00762C6C /* Products */ = {
			isa = PBXGroup;
			children = (
				D2E9D5FE1E4567ED00762C6C /* $125 Million Dollar App.app */,
				D2E9D6121E4567ED00762C6C /* $125 Million Dollar AppTests.xctest */,
			);
			name = Products;
			sourceTree = "<group>";
		};
		D2E9D6001E4567ED00762C6C /* $125 Million Dollar App */ = {
			isa = PBXGroup;
			children = (
				D2E9D6011E4567ED00762C6C /* AppDelegate.swift */,
				D2E9D6031E4567ED00762C6C /* ViewController.swift */,
				D2E9D6051E4567ED00762C6C /* Main.storyboard */,
				D2E9D6081E4567ED00762C6C /* Assets.xcassets */,
				D2E9D60A1E4567ED00762C6C /* LaunchScreen.storyboard */,
				D2E9D60D1E4567ED00762C6C /* Info.plist */,
			);
			path = "$125 Million Dollar App";
			sourceTree = "<group>";
		};
		D2E9D6151E4567ED00762C6C /* $125 Million Dollar AppTests */ = {
			isa = PBXGroup;
			children = (
				D2E9D6161E4567ED00762C6C /* _125_Million_Dollar_AppTests.swift */,
				D2E9D6181E4567ED00762C6C /* Info.plist */,
			);
			path = "$125 Million Dollar AppTests";
			sourceTree = "<group>";
		};
/* End PBXGroup section */

/* Begin PBXNativeTarget section */
		D2E9D5FD1E4567ED00762C6C /* $125 Million Dollar App */ = {
			isa = PBXNativeTarget;
			buildConfigurationList = D2E9D61B1E4567ED00762C6C /* Build configuration list for PBXNativeTarget "$125 Million Dollar App" */;
			buildPhases = (
				D2E9D5FA1E4567ED00762C6C /* Sources */,
				D2E9D5FB1E4567ED00762C6C /* Frameworks */,
				D2E9D5FC1E4567ED00762C6C /* Resources */,
			);
			buildRules = (
			);
			dependencies = (
			);
			name = "$125 Million Dollar App";
			productName = "$125 Million Dollar App";
			productReference = D2E9D5FE1E4567ED00762C6C /* $125 Million Dollar App.app */;
			productType = "com.apple.product-type.application";
		};
		D2E9D6111E4567ED00762C6C /* $125 Million Dollar AppTests */ = {
			isa = PBXNativeTarget;
			buildConfigurationList = D2E9D61E1E4567ED00762C6C /* Build configuration list for PBXNativeTarget "$125 Million Dollar AppTests" */;
			buildPhases = (
				D2E9D60E1E4567ED00762C6C /* Sources */,
				D2E9D60F1E4567ED00762C6C /* Frameworks */,
				D2E9D6101E4567ED00762C6C /* Resources */,
			);
			buildRules = (
			);
			dependencies = (
				D2E9D6141E4567ED00762C6C /* PBXTargetDependency */,
			);
			name = "$125 Million Dollar AppTests";
			productName = "$125 Million Dollar AppTests";
			productReference = D2E9D6121E4567ED00762C6C /* $125 Million Dollar AppTests.xctest */;
			productType = "com.apple.product-type.bundle.unit-test";
		};
/* End PBXNativeTarget section */

/* Begin PBXProject section */
		D2E9D5F61E4567ED00762C6C /* Project object */ = {
			isa = PBXProject;
			attributes = {
				LastSwiftUpdateCheck = 0820;
				LastUpgradeCheck = 0820;
				ORGANIZATIONNAME = "Dom Ronan";
				TargetAttributes = {
					D2E9D5FD1E4567ED00762C6C = {
						CreatedOnToolsVersion = 8.2.1;
						ProvisioningStyle = Automatic;
					};
					D2E9D6111E4567ED00762C6C = {
						CreatedOnToolsVersion = 8.2.1;
						ProvisioningStyle = Automatic;
						TestTargetID = D2E9D5FD1E4567ED00762C6C;
					};
				};
			};
			buildConfigurationList = D2E9D5F91E4567ED00762C6C /* Build configuration list for PBXProject "$125 Million Dollar App" */;
			compatibilityVersion = "Xcode 3.2";
			developmentRegion = English;
			hasScannedForEncodings = 0;
			knownRegions = (
				en,
				Base,
			);
			mainGroup = D2E9D5F51E4567ED00762C6C;
			productRefGroup = D2E9D5FF1E4567ED00762C6C /* Products */;
			projectDirPath = "";
			projectRoot = "";
			targets = (
				D2E9D5FD1E4567ED00762C6C /* $125 Million Dollar App */,
				D2E9D6111E4567ED00762C6C /* $125 Million Dollar AppTests */,
			);
		};
/* End PBXProject section */

/* Begin PBXResourcesBuildPhase section */
		D2E9D5FC1E4567ED00762C6C /* Resources */ = {
			isa = PBXResourcesBuildPhase;
			buildActionMask = 2147483647;
			files = (
				D2E9D60C1E4567ED00762C6C /* LaunchScreen.storyboard in Resources */,
				D2E9D6091E4567ED00762C6C /* Assets.xcassets in Resources */,
				D2E9D6071E4567ED00762C6C /* Main.storyboard in Resources */,
			);
			runOnlyForDeploymentPostprocessing = 0;
		};
		D2E9D6101E4567ED00762C6C /* Resources */ = {
			isa = PBXResourcesBuildPhase;
			buildActionMask = 2147483647;
			files = (
			);
			runOnlyForDeploymentPostprocessing = 0;
		};
/* End PBXResourcesBuildPhase section */

/* Begin PBXSourcesBuildPhase section */
		D2E9D5FA1E4567ED00762C6C /* Sources */ = {
			isa = PBXSourcesBuildPhase;
			buildActionMask = 2147483647;
			files = (
				D2E9D6041E4567ED00762C6C /* ViewController.swift in Sources */,
				D2E9D6021E4567ED00762C6C /* AppDelegate.swift in Sources */,
			);
			runOnlyForDeploymentPostprocessing = 0;
		};
		D2E9D60E1E4567ED00762C6C /* Sources */ = {
			isa = PBXSourcesBuildPhase;
			buildActionMask = 2147483647;
			files = (
				D2E9D6171E4567ED00762C6C /* _125_Million_Dollar_AppTests.swift in Sources */,
			);
			runOnlyForDeploymentPostprocessing = 0;
		};
/* End PBXSourcesBuildPhase section */

/* Begin PBXTargetDependency section */
		D2E9D6141E4567ED00762C6C /* PBXTargetDependency */ = {
			isa = PBXTargetDependency;
			target = D2E9D5FD1E4567ED00762C6C /* $125 Million Dollar App */;
			targetProxy = D2E9D6131E4567ED00762C6C /* PBXContainerItemProxy */;
		};
/* End PBXTargetDependency section */

/* Begin PBXVariantGroup section */
		D2E9D6051E4567ED00762C6C /* Main.storyboard */ = {
			isa = PBXVariantGroup;
			children = (
				D2E9D6061E4567ED00762C6C /* Base */,
			);
			name = Main.storyboard;
			sourceTree = "<group>";
		};
		D2E9D60A1E4567ED00762C6C /* LaunchScreen.storyboard */ = {
			isa = PBXVariantGroup;
			children = (
				D2E9D60B1E4567ED00762C6C /* Base */,
			);
			name = LaunchScreen.storyboard;
			sourceTree = "<group>";
		};
/* End PBXVariantGroup section */

/* Begin XCBuildConfiguration section */
		D2E9D6191E4567ED00762C6C /* Debug */ = {
			isa = XCBuildConfiguration;
			buildSettings = {
				ALWAYS_SEARCH_USER_PATHS = NO;
				CLANG_ANALYZER_NONNULL = YES;
				CLANG_CXX_LANGUAGE_STANDARD = "gnu++0x";
				CLANG_CXX_LIBRARY = "libc++";
				CLANG_ENABLE_MODULES = YES;
				CLANG_ENABLE_OBJC_ARC = YES;
				CLANG_WARN_BOOL_CONVERSION = YES;
				CLANG_WARN_CONSTANT_CONVERSION = YES;
				CLANG_WARN_DIRECT_OBJC_ISA_USAGE = YES_ERROR;
				CLANG_WARN_DOCUMENTATION_COMMENTS = YES;
				CLANG_WARN_EMPTY_BODY = YES;
				CLANG_WARN_ENUM_CONVERSION = YES;
				CLANG_WARN_INFINITE_RECURSION = YES;
				CLANG_WARN_INT_CONVERSION = YES;
				CLANG_WARN_OBJC_ROOT_CLASS = YES_ERROR;
				CLANG_WARN_SUSPICIOUS_MOVE = YES;
				CLANG_WARN_UNREACHABLE_CODE = YES;
				CLANG_WARN__DUPLICATE_METHOD_MATCH = YES;
				"CODE_SIGN_IDENTITY[sdk=iphoneos*]" = "iPhone Developer";
				COPY_PHASE_STRIP = NO;
				DEBUG_INFORMATION_FORMAT = dwarf;
				ENABLE_STRICT_OBJC_MSGSEND = YES;
				ENABLE_TESTABILITY = YES;
				GCC_C_LANGUAGE_STANDARD = gnu99;
				GCC_DYNAMIC_NO_PIC = NO;
				GCC_NO_COMMON_BLOCKS = YES;
				GCC_OPTIMIZATION_LEVEL = 0;
				GCC_PREPROCESSOR_DEFINITIONS = (
					"DEBUG=1",
					"$(inherited)",
				);
				GCC_WARN_64_TO_32_BIT_CONVERSION = YES;
				GCC_WARN_ABOUT_RETURN_TYPE = YES_ERROR;
				GCC_WARN_UNDECLARED_SELECTOR = YES;
				GCC_WARN_UNINITIALIZED_AUTOS = YES_AGGRESSIVE;
				GCC_WARN_UNUSED_FUNCTION = YES;
				GCC_WARN_UNUSED_VARIABLE = YES;
				IPHONEOS_DEPLOYMENT_TARGET = 10.2;
				MTL_ENABLE_DEBUG_INFO = YES;
				ONLY_ACTIVE_ARCH = YES;
				SDKROOT = iphoneos;
				SWIFT_ACTIVE_COMPILATION_CONDITIONS = DEBUG;
				SWIFT_OPTIMIZATION_LEVEL = "-Onone";
				TARGETED_DEVICE_FAMILY = "1,2";
			};
			name = Debug;
		};
		D2E9D61A1E4567ED00762C6C /* Release */ = {
			isa = XCBuildConfiguration;
			buildSettings = {
				ALWAYS_SEARCH_USER_PATHS = NO;
				CLANG_ANALYZER_NONNULL = YES;
				CLANG_CXX_LANGUAGE_STANDARD = "gnu++0x";
				CLANG_CXX_LIBRARY = "libc++";
				CLANG_ENABLE_MODULES = YES;
				CLANG_ENABLE_OBJC_ARC = YES;
				CLANG_WARN_BOOL_CONVERSION = YES;
				CLANG_WARN_CONSTANT_CONVERSION = YES;
				CLANG_WARN_DIRECT_OBJC_ISA_USAGE = YES_ERROR;
				CLANG_WARN_DOCUMENTATION_COMMENTS = YES;
				CLANG_WARN_EMPTY_BODY = YES;
				CLANG_WARN_ENUM_CONVERSION = YES;
				CLANG_WARN_INFINITE_RECURSION = YES;
				CLANG_WARN_INT_CONVERSION = YES;
				CLANG_WARN_OBJC_ROOT_CLASS = YES_ERROR;
				CLANG_WARN_SUSPICIOUS_MOVE = YES;
				CLANG_WARN_UNREACHABLE_CODE = YES;
				CLANG_WARN__DUPLICATE_METHOD_MATCH = YES;
				"CODE_SIGN_IDENTITY[sdk=iphoneos*]" = "iPhone Developer";
				COPY_PHASE_STRIP = NO;
				DEBUG_INFORMATION_FORMAT = "dwarf-with-dsym";
				ENABLE_NS_ASSERTIONS = NO;
				ENABLE_STRICT_OBJC_MSGSEND = YES;
				GCC_C_LANGUAGE_STANDARD = gnu99;
				GCC_NO_COMMON_BLOCKS = YES;
				GCC_WARN_64_TO_32_BIT_CONVERSION = YES;
				GCC_WARN_ABOUT_RETURN_TYPE = YES_ERROR;
				GCC_WARN_UNDECLARED_SELECTOR = YES;
				GCC_WARN_UNINITIALIZED_AUTOS = YES_AGGRESSIVE;
				GCC_WARN_UNUSED_FUNCTION = YES;
				GCC_WARN_UNUSED_VARIABLE = YES;
				IPHONEOS_DEPLOYMENT_TARGET = 10.2;
				MTL_ENABLE_DEBUG_INFO = NO;
				SDKROOT = iphoneos;
				SWIFT_OPTIMIZATION_LEVEL = "-Owholemodule";
				TARGETED_DEVICE_FAMILY = "1,2";
				VALIDATE_PRODUCT = YES;
			};
			name = Release;
		};
		D2E9D61C1E4567ED00762C6C /* Debug */ = {
			isa = XCBuildConfiguration;
			buildSettings = {
				ASSETCATALOG_COMPILER_APPICON_NAME = AppIcon;
				INFOPLIST_FILE = "$125 Million Dollar App/Info.plist";
				LD_RUNPATH_SEARCH_PATHS = "$(inherited) @executable_path/Frameworks";
				PRODUCT_BUNDLE_IDENTIFIER = "com.domronan.-125-Million-Dollar-App";
				PRODUCT_NAME = "$(TARGET_NAME)";
				SWIFT_VERSION = 3.0;
			};
			name = Debug;
		};
		D2E9D61D1E4567ED00762C6C /* Release */ = {
			isa = XCBuildConfiguration;
			buildSettings = {
				ASSETCATALOG_COMPILER_APPICON_NAME = AppIcon;
				INFOPLIST_FILE = "$125 Million Dollar App/Info.plist";
				LD_RUNPATH_SEARCH_PATHS = "$(inherited) @executable_path/Frameworks";
				PRODUCT_BUNDLE_IDENTIFIER = "com.domronan.-125-Million-Dollar-App";
				PRODUCT_NAME = "$(TARGET_NAME)";
				SWIFT_VERSION = 3.0;
			};
			name = Release;
		};
		D2E9D61F1E4567ED00762C6C /* Debug */ = {
			isa = XCBuildConfiguration;
			buildSettings = {
				ALWAYS_EMBED_SWIFT_STANDARD_LIBRARIES = YES;
				BUNDLE_LOADER = "$(TEST_HOST)";
				INFOPLIST_FILE = "$125 Million Dollar AppTests/Info.plist";
				LD_RUNPATH_SEARCH_PATHS = "$(inherited) @executable_path/Frameworks @loader_path/Frameworks";
				PRODUCT_BUNDLE_IDENTIFIER = "com.domronan.-125-Million-Dollar-AppTests";
				PRODUCT_NAME = "$(TARGET_NAME)";
				SWIFT_VERSION = 3.0;
				TEST_HOST = "$(BUILT_PRODUCTS_DIR)/$125 Million Dollar App.app/$125 Million Dollar App";
			};
			name = Debug;
		};
		D2E9D6201E4567ED00762C6C /* Release */ = {
			isa = XCBuildConfiguration;
			buildSettings = {
				ALWAYS_EMBED_SWIFT_STANDARD_LIBRARIES = YES;
				BUNDLE_LOADER = "$(TEST_HOST)";
				INFOPLIST_FILE = "$125 Million Dollar AppTests/Info.plist";
				LD_RUNPATH_SEARCH_PATHS = "$(inherited) @executable_path/Frameworks @loader_path/Frameworks";
				PRODUCT_BUNDLE_IDENTIFIER = "com.domronan.-125-Million-Dollar-AppTests";
				PRODUCT_NAME = "$(TARGET_NAME)";
				SWIFT_VERSION = 3.0;
				TEST_HOST = "$(BUILT_PRODUCTS_DIR)/$125 Million Dollar App.app/$125 Million Dollar App";
			};
			name = Release;
		};
/* End XCBuildConfiguration section */

/* Begin XCConfigurationList section */
		D2E9D5F91E4567ED00762C6C /* Build configuration list for PBXProject "$125 Million Dollar App" */ = {
			isa = XCConfigurationList;
			buildConfigurations = (
				D2E9D6191E4567ED00762C6C /* Debug */,
				D2E9D61A1E4567ED00762C6C /* Release */,
			);
			defaultConfigurationIsVisible = 0;
			defaultConfigurationName = Release;
		};
		D2E9D61B1E4567ED00762C6C /* Build configuration list for PBXNativeTarget "$125 Million Dollar App" */ = {
			isa = XCConfigurationList;
			buildConfigurations = (
				D2E9D61C1E4567ED00762C6C /* Debug */,
				D2E9D61D1E4567ED00762C6C /* Release */,
			);
			defaultConfigurationIsVisible = 0;
		};
		D2E9D61E1E4567ED00762C6C /* Build configuration list for PBXNativeTarget "$125 Million Dollar AppTests" */ = {
			isa = XCConfigurationList;
			buildConfigurations = (
				D2E9D61F1E4567ED00762C6C /* Debug */,
				D2E9D6201E4567ED00762C6C /* Release */,
			);
			defaultConfigurationIsVisible = 0;
		};
/* End XCConfigurationList section */
	};
	rootObject = D2E9D5F61E4567ED00762C6C /* Project object */;
}
